# This file is automatically @generated by Cargo.
# It is not intended for manual editing.
version = 4

[[package]]
name = "libc"
version = "0.2.186"
source = "registry+https://github.com/rust-lang/crates.io-index"
checksum = "68ab91017fe16c622486840e4c83c9a37afeff978bd239b5293d61ece587de66"

[[package]]
name = "local-rag"
version = "0.0.0"
dependencies = [
 "local-rag-core",
 "local-rag-index",
 "local-rag-memory",
 "local-rag-projection",
 "local-rag-protocol",
 "local-rag-store",
 "local-rag-test-support",
]

[[package]]
name = "local-rag-core"
version = "0.0.0"
dependencies = [
 "libc",
 "local-rag-test-support",
]

[[package]]
name = "local-rag-hook"
version = "0.0.0"
dependencies = [
 "local-rag-core",
]

[[package]]
name = "local-rag-index"
version = "0.0.0"
dependencies = [
 "local-rag-core",
]

[[package]]
name = "local-rag-memory"
version = "0.0.0"
dependencies = [
 "local-rag-core",
]

[[package]]
name = "local-rag-projection"
version = "0.0.0"
dependencies = [
 "local-rag-core",
]

[[package]]
name = "local-rag-protocol"
version = "0.0.0"
dependencies = [
 "local-rag-core",
]

[[package]]
name = "local-rag-proxy"
version = "0.0.0"
dependencies = [
 "local-rag-core",
 "local-rag-protocol",
]

[[package]]
name = "local-rag-store"
version = "0.0.0"
dependencies = [
 "local-rag-core",
]

[[package]]
name = "local-rag-test-support"
version = "0.0.0"

[[package]]
name = "xtask"
version = "0.0.0"
