{
  "name": "local-rag-v2",
  "lockfileVersion": 3,
  "requires": true,
  "packages": {
    "": {
      "dependencies": {
        "@13w/memory": "file:npm/memory"
      }
    },
    "node_modules/@13w/memory": {
      "resolved": "npm/memory",
      "link": true
    },
    "npm/memory": {
      "name": "@13w/memory",
      "version": "0.0.0",
      "hasInstallScript": true,
      "license": "UNLICENSED",
      "bin": {
        "local-rag": "bin/local-rag",
        "local-rag-dashboard": "bin/local-rag-tui",
        "local-rag-hook": "bin/local-rag-hook",
        "local-rag-mcp": "bin/local-rag-proxy",
        "local-rag-proxy": "bin/local-rag-proxy",
        "local-rag-tui": "bin/local-rag-tui"
      },
      "engines": {
        "node": ">=20.15.0"
      }
    }
  }
}
